
Microsoft Visual Studio Solution File, Format Version 12.00
# Visual Studio Version 16
VisualStudioVersion = 16.0.31205.134
MinimumVisualStudioVersion = 10.0.40219.1
Project("{FAE04EC0-301F-11D3-BF4B-00C04F79EFBC}") = "LightInject.xUnit2", "LightInject.xUnit2\LightInject.xUnit2.csproj", "{EEA1E6AA-5139-4E48-8752-D61640676D1D}"
EndProject
Project("{FAE04EC0-301F-11D3-BF4B-00C04F79EFBC}") = "LightInject.xUnit2.Tests", "LightInject.xUnit2.Tests\LightInject.xUnit2.Tests.csproj", "{0A37B8AD-8A2C-4CEA-ADFC-6BF4B40BA4DC}"
EndProject
Global
	GlobalSection(SolutionConfigurationPlatforms) = preSolution
		Debug|Any CPU = Debug|Any CPU
		Release|Any CPU = Release|Any CPU
	EndGlobalSection
	GlobalSection(ProjectConfigurationPlatforms) = postSolution
		{EEA1E6AA-5139-4E48-8752-D61640676D1D}.Debug|Any CPU.ActiveCfg = Debug|Any CPU
		{EEA1E6AA-5139-4E48-8752-D61640676D1D}.Debug|Any CPU.Build.0 = Debug|Any CPU
		{EEA1E6AA-5139-4E48-8752-D61640676D1D}.Release|Any CPU.ActiveCfg = Release|Any CPU
		{EEA1E6AA-5139-4E48-8752-D61640676D1D}.Release|Any CPU.Build.0 = Release|Any CPU
		{0A37B8AD-8A2C-4CEA-ADFC-6BF4B40BA4DC}.Debug|Any CPU.ActiveCfg = Debug|Any CPU
		{0A37B8AD-8A2C-4CEA-ADFC-6BF4B40BA4DC}.Debug|Any CPU.Build.0 = Debug|Any CPU
		{0A37B8AD-8A2C-4CEA-ADFC-6BF4B40BA4DC}.Release|Any CPU.ActiveCfg = Release|Any CPU
		{0A37B8AD-8A2C-4CEA-ADFC-6BF4B40BA4DC}.Release|Any CPU.Build.0 = Release|Any CPU
	EndGlobalSection
	GlobalSection(SolutionProperties) = preSolution
		HideSolutionNode = FALSE
	EndGlobalSection
	GlobalSection(ExtensibilityGlobals) = postSolution
		SolutionGuid = {6E919CE6-7482-4E6C-AF09-305BFB6A221E}
	EndGlobalSection
EndGlobal
